
Microsoft Visual Studio Solution File, Format Version 12.00
# Visual Studio 16
Project("{FAE04EC0-301F-11D3-BF4B-00C04F79EFBC}") = "NavMeshComponents", "NavMeshComponents.csproj", "{632E0F04-EC65-F9CC-ECEB-B792DAE013BF}"
EndProject
Project("{FAE04EC0-301F-11D3-BF4B-00C04F79EFBC}") = "Assembly-CSharp", "Assembly-CSharp.csproj", "{B9EC61E8-3C55-2CCD-A9C0-EEE7930E86D0}"
EndProject
Project("{FAE04EC0-301F-11D3-BF4B-00C04F79EFBC}") = "NavMeshComponentsEditor", "NavMeshComponentsEditor.csproj", "{9319E9D5-B210-665C-8604-4747B074C5DC}"
EndProject
Global
	GlobalSection(SolutionConfigurationPlatforms) = preSolution
		Debug|Any CPU = Debug|Any CPU
		Release|Any CPU = Release|Any CPU
	EndGlobalSection
	GlobalSection(ProjectConfigurationPlatforms) = postSolution
		{632E0F04-EC65-F9CC-ECEB-B792DAE013BF}.Debug|Any CPU.ActiveCfg = Debug|Any CPU
		{632E0F04-EC65-F9CC-ECEB-B792DAE013BF}.Debug|Any CPU.Build.0 = Debug|Any CPU
		{632E0F04-EC65-F9CC-ECEB-B792DAE013BF}.Release|Any CPU.ActiveCfg = Release|Any CPU
		{632E0F04-EC65-F9CC-ECEB-B792DAE013BF}.Release|Any CPU.Build.0 = Release|Any CPU
		{B9EC61E8-3C55-2CCD-A9C0-EEE7930E86D0}.Debug|Any CPU.ActiveCfg = Debug|Any CPU
		{B9EC61E8-3C55-2CCD-A9C0-EEE7930E86D0}.Debug|Any CPU.Build.0 = Debug|Any CPU
		{B9EC61E8-3C55-2CCD-A9C0-EEE7930E86D0}.Release|Any CPU.ActiveCfg = Release|Any CPU
		{B9EC61E8-3C55-2CCD-A9C0-EEE7930E86D0}.Release|Any CPU.Build.0 = Release|Any CPU
		{9319E9D5-B210-665C-8604-4747B074C5DC}.Debug|Any CPU.ActiveCfg = Debug|Any CPU
		{9319E9D5-B210-665C-8604-4747B074C5DC}.Debug|Any CPU.Build.0 = Debug|Any CPU
		{9319E9D5-B210-665C-8604-4747B074C5DC}.Release|Any CPU.ActiveCfg = Release|Any CPU
		{9319E9D5-B210-665C-8604-4747B074C5DC}.Release|Any CPU.Build.0 = Release|Any CPU
	EndGlobalSection
	GlobalSection(SolutionProperties) = preSolution
		HideSolutionNode = FALSE
	EndGlobalSection
EndGlobal
